
Microsoft Visual Studio Solution File, Format Version 12.00
# Visual Studio Version 17
VisualStudioVersion = 17.11.35327.3
MinimumVisualStudioVersion = 10.0.40219.1
Project("{2150E333-8FDC-42A3-9474-1A3956D46DE8}") = "Task0", "Task0", "{9D9E909E-E002-46A9-A9C2-C8F2D345B49F}"
EndProject
Project("{2150E333-8FDC-42A3-9474-1A3956D46DE8}") = "Task1", "Task1", "{8619B392-FF0E-4E5F-AEA3-D888E6421615}"
EndProject
Project("{9A19103F-16F7-4668-BE54-9A1E7A4F7556}") = "Tyuiu.PlatonovaPE.Sprint2.Task0.V27", "Tyuiu.PlatonovaPE.Sprint2.Task0.V27\Tyuiu.PlatonovaPE.Sprint2.Task0.V27.csproj", "{887D5193-E0CD-4755-827E-0456EB8989AD}"
EndProject
Project("{9A19103F-16F7-4668-BE54-9A1E7A4F7556}") = "Tyuiu.PlatonovaPE.Sprint2.Task0.V27.Lib", "Tyuiu.PlatonovaPE.Sprint2.Task0.V27.Lib\Tyuiu.PlatonovaPE.Sprint2.Task0.V27.Lib.csproj", "{30B96DDF-4167-403A-80B4-57B67EEC1A2B}"
EndProject
Project("{9A19103F-16F7-4668-BE54-9A1E7A4F7556}") = "Tyuiu.PlatonovaPE.Sprint2.Task0.V27.Test", "Tyuiu.PlatonovaPE.Sprint2.Task0.V27.Test\Tyuiu.PlatonovaPE.Sprint2.Task0.V27.Test.csproj", "{666A0935-A7C0-44FC-BE83-BCEB930AB779}"
EndProject
Project("{9A19103F-16F7-4668-BE54-9A1E7A4F7556}") = "Tyuiu.PlatonovaPE.Sprint2.Task1.V18", "Tyuiu.PlatonovaPE.Sprint2.Task1.V18\Tyuiu.PlatonovaPE.Sprint2.Task1.V18.csproj", "{F74843FD-B112-4210-BD38-3857FB493F1A}"
EndProject
Project("{9A19103F-16F7-4668-BE54-9A1E7A4F7556}") = "Tyuiu.PlatonovaPE.Sprint2.Task1.V18.Test", "Tyuiu.PlatonovaPE.Sprint2.Task1.V18.Test\Tyuiu.PlatonovaPE.Sprint2.Task1.V18.Test.csproj", "{5015EDB6-CF44-461A-A12A-099894A48BC4}"
EndProject
Project("{9A19103F-16F7-4668-BE54-9A1E7A4F7556}") = "Tyuiu.PlatonovaPE.Sprint2.Task1.V18.Lib", "Tyuiu.PlatonovaPE.Sprint2.Task1.V18.Lib\Tyuiu.PlatonovaPE.Sprint2.Task1.V18.Lib.csproj", "{A465C0A9-E151-4EAA-98BB-C11358E75358}"
EndProject
Project("{2150E333-8FDC-42A3-9474-1A3956D46DE8}") = "Task2", "Task2", "{E173C624-314A-4FBA-97D7-558BA578F91E}"
EndProject
Project("{9A19103F-16F7-4668-BE54-9A1E7A4F7556}") = "Tyuiu.PlatonovaPE.Sprint2.Task2.V28", "Tyuiu.PlatonovaPE.Sprint2.Task2.V28\Tyuiu.PlatonovaPE.Sprint2.Task2.V28.csproj", "{1F88109E-9C51-4622-84F5-6DBC6B5D5935}"
EndProject
Project("{9A19103F-16F7-4668-BE54-9A1E7A4F7556}") = "Tyuiu.PlatonovaPE.Sprint2.Task2.V28.Lib", "Tyuiu.PlatonovaPE.Sprint2.Task2.V28.Lib\Tyuiu.PlatonovaPE.Sprint2.Task2.V28.Lib.csproj", "{51C9FF0A-C016-4493-9917-5DDF02711F78}"
EndProject
Project("{9A19103F-16F7-4668-BE54-9A1E7A4F7556}") = "Tyuiu.PlatonovaPE.Sprint2.Task2.V28.Test", "Tyuiu.PlatonovaPE.Sprint2.Task2.V28.Test\Tyuiu.PlatonovaPE.Sprint2.Task2.V28.Test.csproj", "{B30AA657-39CF-4831-BAB9-FAD5FEDC7233}"
EndProject
Project("{2150E333-8FDC-42A3-9474-1A3956D46DE8}") = "Task3", "Task3", "{7C750439-98F4-4AA3-80A1-03842379B4ED}"
EndProject
Project("{9A19103F-16F7-4668-BE54-9A1E7A4F7556}") = "Tyuiu.PlatonovaPE.Sprint2.Task3.V30", "Tyuiu.PlatonovaPE.Sprint2.Task3.V30\Tyuiu.PlatonovaPE.Sprint2.Task3.V30.csproj", "{B768BA1D-2F34-46A3-8CD9-AC46B73ED240}"
EndProject
Project("{9A19103F-16F7-4668-BE54-9A1E7A4F7556}") = "Tyuiu.PlatonovaPE.Sprint2.Task3.V30.Lib", "Tyuiu.PlatonovaPE.Sprint2.Task3.V30.Lib\Tyuiu.PlatonovaPE.Sprint2.Task3.V30.Lib.csproj", "{2410DACF-2EF7-407C-B712-83EF55DFB7D8}"
EndProject
Project("{9A19103F-16F7-4668-BE54-9A1E7A4F7556}") = "Tyuiu.PlatonovaPE.Sprint2.Task3.V30.Test", "Tyuiu.PlatonovaPE.Sprint2.Task3.V30.Test\Tyuiu.PlatonovaPE.Sprint2.Task3.V30.Test.csproj", "{A9492733-70A2-4C01-93B3-55C828269EFF}"
EndProject
Project("{2150E333-8FDC-42A3-9474-1A3956D46DE8}") = "Task4", "Task4", "{4F9695CA-9728-4468-8AD0-786C87336EE0}"
EndProject
Project("{9A19103F-16F7-4668-BE54-9A1E7A4F7556}") = "Tyuiu.PlatonovaPE.Sprint2.Task4.V29", "Tyuiu.PlatonovaPE.Sprint2.Task4.V29\Tyuiu.PlatonovaPE.Sprint2.Task4.V29.csproj", "{2D897C39-FEC8-4EFE-BE5B-2008CC9E43DB}"
EndProject
Project("{9A19103F-16F7-4668-BE54-9A1E7A4F7556}") = "Tyuiu.PlatonovaPE.Sprint2.Task4.V29.Test", "Tyuiu.PlatonovaPE.Sprint2.Task4.V29.Test\Tyuiu.PlatonovaPE.Sprint2.Task4.V29.Test.csproj", "{ACAE99B5-33B3-4616-8542-530C69959E29}"
EndProject
Project("{9A19103F-16F7-4668-BE54-9A1E7A4F7556}") = "Tyuiu.PlatonovaPE.Sprint2.Task4.V29.Lib", "Tyuiu.PlatonovaPE.Sprint2.Task4.V29.Lib\Tyuiu.PlatonovaPE.Sprint2.Task4.V29.Lib.csproj", "{6DDA61F6-E174-47CD-BE5A-C7C85463E842}"
EndProject
Project("{2150E333-8FDC-42A3-9474-1A3956D46DE8}") = "Task5", "Task5", "{1F76FA43-41D1-47ED-87F5-871C2AD6847F}"
EndProject
Project("{9A19103F-16F7-4668-BE54-9A1E7A4F7556}") = "Tyuiu.PlatonovaPE.Sprint2.Task5.V2", "Tyuiu.PlatonovaPE.Sprint2.Task5.V2\Tyuiu.PlatonovaPE.Sprint2.Task5.V2.csproj", "{B4380DA5-5CF6-47FE-AF01-A1271F7EE54C}"
EndProject
Project("{9A19103F-16F7-4668-BE54-9A1E7A4F7556}") = "Tyuiu.PlatonovaPE.Sprint2.Task5.V2.Lib", "Tyuiu.PlatonovaPE.Sprint2.Task5.V2.Lib\Tyuiu.PlatonovaPE.Sprint2.Task5.V2.Lib.csproj", "{B0211E2F-601F-489A-B20C-1EC9B6BDE776}"
EndProject
Project("{9A19103F-16F7-4668-BE54-9A1E7A4F7556}") = "Tyuiu.PlatonovaPE.Sprint2.Task5.V2.Test", "Tyuiu.PlatonovaPE.Sprint2.Task5.V2.Test\Tyuiu.PlatonovaPE.Sprint2.Task5.V2.Test.csproj", "{0F1A9F4E-2F28-4DBF-B85F-7E57ADCCD072}"
EndProject
Project("{2150E333-8FDC-42A3-9474-1A3956D46DE8}") = "Task6", "Task6", "{ADEBE0F9-87DB-4AC0-BDD4-2AA89E92D402}"
EndProject
Project("{FAE04EC0-301F-11D3-BF4B-00C04F79EFBC}") = "Tyuiu.PlatonovaPE.Sprint2.Task6.V4", "Tyuiu.PlatonovaPE.Sprint2.Task6.V4\Tyuiu.PlatonovaPE.Sprint2.Task6.V4.csproj", "{155C7551-B39A-4F5B-B573-B571B2B8A6C3}"
EndProject
Project("{FAE04EC0-301F-11D3-BF4B-00C04F79EFBC}") = "Tyuiu.PlatonovaPE.Sprint2.Task6.V4.Test", "Tyuiu.PlatonovaPE.Sprint2.Task6.V4.Test\Tyuiu.PlatonovaPE.Sprint2.Task6.V4.Test.csproj", "{A260CCA9-5974-494A-82B9-1B6615FA0020}"
EndProject
Project("{FAE04EC0-301F-11D3-BF4B-00C04F79EFBC}") = "Tyuiu.PlatonovaPE.Sprint2.Task6.V4.Lib", "Tyuiu.PlatonovaPE.Sprint2.Task6.V4.Lib\Tyuiu.PlatonovaPE.Sprint2.Task6.V4.Lib.csproj", "{31A46D9C-8301-4EEE-8BCF-9A58635C7A7C}"
EndProject
Global
	GlobalSection(SolutionConfigurationPlatforms) = preSolution
		Debug|Any CPU = Debug|Any CPU
		Release|Any CPU = Release|Any CPU
	EndGlobalSection
	GlobalSection(ProjectConfigurationPlatforms) = postSolution
		{887D5193-E0CD-4755-827E-0456EB8989AD}.Debug|Any CPU.ActiveCfg = Debug|Any CPU
		{887D5193-E0CD-4755-827E-0456EB8989AD}.Debug|Any CPU.Build.0 = Debug|Any CPU
		{887D5193-E0CD-4755-827E-0456EB8989AD}.Release|Any CPU.ActiveCfg = Release|Any CPU
		{887D5193-E0CD-4755-827E-0456EB8989AD}.Release|Any CPU.Build.0 = Release|Any CPU
		{30B96DDF-4167-403A-80B4-57B67EEC1A2B}.Debug|Any CPU.ActiveCfg = Debug|Any CPU
		{30B96DDF-4167-403A-80B4-57B67EEC1A2B}.Debug|Any CPU.Build.0 = Debug|Any CPU
		{30B96DDF-4167-403A-80B4-57B67EEC1A2B}.Release|Any CPU.ActiveCfg = Release|Any CPU
		{30B96DDF-4167-403A-80B4-57B67EEC1A2B}.Release|Any CPU.Build.0 = Release|Any CPU
		{666A0935-A7C0-44FC-BE83-BCEB930AB779}.Debug|Any CPU.ActiveCfg = Debug|Any CPU
		{666A0935-A7C0-44FC-BE83-BCEB930AB779}.Debug|Any CPU.Build.0 = Debug|Any CPU
		{666A0935-A7C0-44FC-BE83-BCEB930AB779}.Release|Any CPU.ActiveCfg = Release|Any CPU
		{666A0935-A7C0-44FC-BE83-BCEB930AB779}.Release|Any CPU.Build.0 = Release|Any CPU
		{F74843FD-B112-4210-BD38-3857FB493F1A}.Debug|Any CPU.ActiveCfg = Debug|Any CPU
		{F74843FD-B112-4210-BD38-3857FB493F1A}.Debug|Any CPU.Build.0 = Debug|Any CPU
		{F74843FD-B112-4210-BD38-3857FB493F1A}.Release|Any CPU.ActiveCfg = Release|Any CPU
		{F74843FD-B112-4210-BD38-3857FB493F1A}.Release|Any CPU.Build.0 = Release|Any CPU
		{5015EDB6-CF44-461A-A12A-099894A48BC4}.Debug|Any CPU.ActiveCfg = Debug|Any CPU
		{5015EDB6-CF44-461A-A12A-099894A48BC4}.Debug|Any CPU.Build.0 = Debug|Any CPU
		{5015EDB6-CF44-461A-A12A-099894A48BC4}.Release|Any CPU.ActiveCfg = Release|Any CPU
		{5015EDB6-CF44-461A-A12A-099894A48BC4}.Release|Any CPU.Build.0 = Release|Any CPU
		{A465C0A9-E151-4EAA-98BB-C11358E75358}.Debug|Any CPU.ActiveCfg = Debug|Any CPU
		{A465C0A9-E151-4EAA-98BB-C11358E75358}.Debug|Any CPU.Build.0 = Debug|Any CPU
		{A465C0A9-E151-4EAA-98BB-C11358E75358}.Release|Any CPU.ActiveCfg = Release|Any CPU
		{A465C0A9-E151-4EAA-98BB-C11358E75358}.Release|Any CPU.Build.0 = Release|Any CPU
		{1F88109E-9C51-4622-84F5-6DBC6B5D5935}.Debug|Any CPU.ActiveCfg = Debug|Any CPU
		{1F88109E-9C51-4622-84F5-6DBC6B5D5935}.Debug|Any CPU.Build.0 = Debug|Any CPU
		{1F88109E-9C51-4622-84F5-6DBC6B5D5935}.Release|Any CPU.ActiveCfg = Release|Any CPU
		{1F88109E-9C51-4622-84F5-6DBC6B5D5935}.Release|Any CPU.Build.0 = Release|Any CPU
		{51C9FF0A-C016-4493-9917-5DDF02711F78}.Debug|Any CPU.ActiveCfg = Debug|Any CPU
		{51C9FF0A-C016-4493-9917-5DDF02711F78}.Debug|Any CPU.Build.0 = Debug|Any CPU
		{51C9FF0A-C016-4493-9917-5DDF02711F78}.Release|Any CPU.ActiveCfg = Release|Any CPU
		{51C9FF0A-C016-4493-9917-5DDF02711F78}.Release|Any CPU.Build.0 = Release|Any CPU
		{B30AA657-39CF-4831-BAB9-FAD5FEDC7233}.Debug|Any CPU.ActiveCfg = Debug|Any CPU
		{B30AA657-39CF-4831-BAB9-FAD5FEDC7233}.Debug|Any CPU.Build.0 = Debug|Any CPU
		{B30AA657-39CF-4831-BAB9-FAD5FEDC7233}.Release|Any CPU.ActiveCfg = Release|Any CPU
		{B30AA657-39CF-4831-BAB9-FAD5FEDC7233}.Release|Any CPU.Build.0 = Release|Any CPU
		{B768BA1D-2F34-46A3-8CD9-AC46B73ED240}.Debug|Any CPU.ActiveCfg = Debug|Any CPU
		{B768BA1D-2F34-46A3-8CD9-AC46B73ED240}.Debug|Any CPU.Build.0 = Debug|Any CPU
		{B768BA1D-2F34-46A3-8CD9-AC46B73ED240}.Release|Any CPU.ActiveCfg = Release|Any CPU
		{B768BA1D-2F34-46A3-8CD9-AC46B73ED240}.Release|Any CPU.Build.0 = Release|Any CPU
		{2410DACF-2EF7-407C-B712-83EF55DFB7D8}.Debug|Any CPU.ActiveCfg = Debug|Any CPU
		{2410DACF-2EF7-407C-B712-83EF55DFB7D8}.Debug|Any CPU.Build.0 = Debug|Any CPU
		{2410DACF-2EF7-407C-B712-83EF55DFB7D8}.Release|Any CPU.ActiveCfg = Release|Any CPU
		{2410DACF-2EF7-407C-B712-83EF55DFB7D8}.Release|Any CPU.Build.0 = Release|Any CPU
		{A9492733-70A2-4C01-93B3-55C828269EFF}.Debug|Any CPU.ActiveCfg = Debug|Any CPU
		{A9492733-70A2-4C01-93B3-55C828269EFF}.Debug|Any CPU.Build.0 = Debug|Any CPU
		{A9492733-70A2-4C01-93B3-55C828269EFF}.Release|Any CPU.ActiveCfg = Release|Any CPU
		{A9492733-70A2-4C01-93B3-55C828269EFF}.Release|Any CPU.Build.0 = Release|Any CPU
		{2D897C39-FEC8-4EFE-BE5B-2008CC9E43DB}.Debug|Any CPU.ActiveCfg = Debug|Any CPU
		{2D897C39-FEC8-4EFE-BE5B-2008CC9E43DB}.Debug|Any CPU.Build.0 = Debug|Any CPU
		{2D897C39-FEC8-4EFE-BE5B-2008CC9E43DB}.Release|Any CPU.ActiveCfg = Release|Any CPU
		{2D897C39-FEC8-4EFE-BE5B-2008CC9E43DB}.Release|Any CPU.Build.0 = Release|Any CPU
		{ACAE99B5-33B3-4616-8542-530C69959E29}.Debug|Any CPU.ActiveCfg = Debug|Any CPU
		{ACAE99B5-33B3-4616-8542-530C69959E29}.Debug|Any CPU.Build.0 = Debug|Any CPU
		{ACAE99B5-33B3-4616-8542-530C69959E29}.Release|Any CPU.ActiveCfg = Release|Any CPU
		{ACAE99B5-33B3-4616-8542-530C69959E29}.Release|Any CPU.Build.0 = Release|Any CPU
		{6DDA61F6-E174-47CD-BE5A-C7C85463E842}.Debug|Any CPU.ActiveCfg = Debug|Any CPU
		{6DDA61F6-E174-47CD-BE5A-C7C85463E842}.Debug|Any CPU.Build.0 = Debug|Any CPU
		{6DDA61F6-E174-47CD-BE5A-C7C85463E842}.Release|Any CPU.ActiveCfg = Release|Any CPU
		{6DDA61F6-E174-47CD-BE5A-C7C85463E842}.Release|Any CPU.Build.0 = Release|Any CPU
		{B4380DA5-5CF6-47FE-AF01-A1271F7EE54C}.Debug|Any CPU.ActiveCfg = Debug|Any CPU
		{B4380DA5-5CF6-47FE-AF01-A1271F7EE54C}.Debug|Any CPU.Build.0 = Debug|Any CPU
		{B4380DA5-5CF6-47FE-AF01-A1271F7EE54C}.Release|Any CPU.ActiveCfg = Release|Any CPU
		{B4380DA5-5CF6-47FE-AF01-A1271F7EE54C}.Release|Any CPU.Build.0 = Release|Any CPU
		{B0211E2F-601F-489A-B20C-1EC9B6BDE776}.Debug|Any CPU.ActiveCfg = Debug|Any CPU
		{B0211E2F-601F-489A-B20C-1EC9B6BDE776}.Debug|Any CPU.Build.0 = Debug|Any CPU
		{B0211E2F-601F-489A-B20C-1EC9B6BDE776}.Release|Any CPU.ActiveCfg = Release|Any CPU
		{B0211E2F-601F-489A-B20C-1EC9B6BDE776}.Release|Any CPU.Build.0 = Release|Any CPU
		{0F1A9F4E-2F28-4DBF-B85F-7E57ADCCD072}.Debug|Any CPU.ActiveCfg = Debug|Any CPU
		{0F1A9F4E-2F28-4DBF-B85F-7E57ADCCD072}.Debug|Any CPU.Build.0 = Debug|Any CPU
		{0F1A9F4E-2F28-4DBF-B85F-7E57ADCCD072}.Release|Any CPU.ActiveCfg = Release|Any CPU
		{0F1A9F4E-2F28-4DBF-B85F-7E57ADCCD072}.Release|Any CPU.Build.0 = Release|Any CPU
		{155C7551-B39A-4F5B-B573-B571B2B8A6C3}.Debug|Any CPU.ActiveCfg = Debug|Any CPU
		{155C7551-B39A-4F5B-B573-B571B2B8A6C3}.Debug|Any CPU.Build.0 = Debug|Any CPU
		{155C7551-B39A-4F5B-B573-B571B2B8A6C3}.Release|Any CPU.ActiveCfg = Release|Any CPU
		{155C7551-B39A-4F5B-B573-B571B2B8A6C3}.Release|Any CPU.Build.0 = Release|Any CPU
		{A260CCA9-5974-494A-82B9-1B6615FA0020}.Debug|Any CPU.ActiveCfg = Debug|Any CPU
		{A260CCA9-5974-494A-82B9-1B6615FA0020}.Debug|Any CPU.Build.0 = Debug|Any CPU
		{A260CCA9-5974-494A-82B9-1B6615FA0020}.Release|Any CPU.ActiveCfg = Release|Any CPU
		{A260CCA9-5974-494A-82B9-1B6615FA0020}.Release|Any CPU.Build.0 = Release|Any CPU
		{31A46D9C-8301-4EEE-8BCF-9A58635C7A7C}.Debug|Any CPU.ActiveCfg = Debug|Any CPU
		{31A46D9C-8301-4EEE-8BCF-9A58635C7A7C}.Debug|Any CPU.Build.0 = Debug|Any CPU
		{31A46D9C-8301-4EEE-8BCF-9A58635C7A7C}.Release|Any CPU.ActiveCfg = Release|Any CPU
		{31A46D9C-8301-4EEE-8BCF-9A58635C7A7C}.Release|Any CPU.Build.0 = Release|Any CPU
	EndGlobalSection
	GlobalSection(SolutionProperties) = preSolution
		HideSolutionNode = FALSE
	EndGlobalSection
	GlobalSection(NestedProjects) = preSolution
		{887D5193-E0CD-4755-827E-0456EB8989AD} = {9D9E909E-E002-46A9-A9C2-C8F2D345B49F}
		{30B96DDF-4167-403A-80B4-57B67EEC1A2B} = {9D9E909E-E002-46A9-A9C2-C8F2D345B49F}
		{666A0935-A7C0-44FC-BE83-BCEB930AB779} = {9D9E909E-E002-46A9-A9C2-C8F2D345B49F}
		{F74843FD-B112-4210-BD38-3857FB493F1A} = {8619B392-FF0E-4E5F-AEA3-D888E6421615}
		{5015EDB6-CF44-461A-A12A-099894A48BC4} = {8619B392-FF0E-4E5F-AEA3-D888E6421615}
		{A465C0A9-E151-4EAA-98BB-C11358E75358} = {8619B392-FF0E-4E5F-AEA3-D888E6421615}
		{1F88109E-9C51-4622-84F5-6DBC6B5D5935} = {E173C624-314A-4FBA-97D7-558BA578F91E}
		{51C9FF0A-C016-4493-9917-5DDF02711F78} = {E173C624-314A-4FBA-97D7-558BA578F91E}
		{B30AA657-39CF-4831-BAB9-FAD5FEDC7233} = {E173C624-314A-4FBA-97D7-558BA578F91E}
		{7C750439-98F4-4AA3-80A1-03842379B4ED} = {8619B392-FF0E-4E5F-AEA3-D888E6421615}
		{B768BA1D-2F34-46A3-8CD9-AC46B73ED240} = {7C750439-98F4-4AA3-80A1-03842379B4ED}
		{2410DACF-2EF7-407C-B712-83EF55DFB7D8} = {7C750439-98F4-4AA3-80A1-03842379B4ED}
		{A9492733-70A2-4C01-93B3-55C828269EFF} = {7C750439-98F4-4AA3-80A1-03842379B4ED}
		{2D897C39-FEC8-4EFE-BE5B-2008CC9E43DB} = {4F9695CA-9728-4468-8AD0-786C87336EE0}
		{ACAE99B5-33B3-4616-8542-530C69959E29} = {4F9695CA-9728-4468-8AD0-786C87336EE0}
		{6DDA61F6-E174-47CD-BE5A-C7C85463E842} = {4F9695CA-9728-4468-8AD0-786C87336EE0}
		{B4380DA5-5CF6-47FE-AF01-A1271F7EE54C} = {1F76FA43-41D1-47ED-87F5-871C2AD6847F}
		{B0211E2F-601F-489A-B20C-1EC9B6BDE776} = {1F76FA43-41D1-47ED-87F5-871C2AD6847F}
		{0F1A9F4E-2F28-4DBF-B85F-7E57ADCCD072} = {1F76FA43-41D1-47ED-87F5-871C2AD6847F}
		{155C7551-B39A-4F5B-B573-B571B2B8A6C3} = {ADEBE0F9-87DB-4AC0-BDD4-2AA89E92D402}
		{A260CCA9-5974-494A-82B9-1B6615FA0020} = {ADEBE0F9-87DB-4AC0-BDD4-2AA89E92D402}
		{31A46D9C-8301-4EEE-8BCF-9A58635C7A7C} = {ADEBE0F9-87DB-4AC0-BDD4-2AA89E92D402}
	EndGlobalSection
	GlobalSection(ExtensibilityGlobals) = postSolution
		SolutionGuid = {F925A104-CD62-46AA-BF51-09BC158D4984}
	EndGlobalSection
EndGlobal
